
Microsoft Visual Studio Solution File, Format Version 12.00
# Visual Studio Version 17
VisualStudioVersion = 17.5.33530.505
MinimumVisualStudioVersion = 10.0.40219.1
Project("{FAE04EC0-301F-11D3-BF4B-00C04F79EFBC}") = "EquationSolverProgram", "EquationSolverProgram.csproj", "{948B5FAF-CE1E-47E2-B37E-6F9340128C2E}"
EndProject
Global
	GlobalSection(SolutionConfigurationPlatforms) = preSolution
		Debug|Any CPU = Debug|Any CPU
		Release|Any CPU = Release|Any CPU
	EndGlobalSection
	GlobalSection(ProjectConfigurationPlatforms) = postSolution
		{948B5FAF-CE1E-47E2-B37E-6F9340128C2E}.Debug|Any CPU.ActiveCfg = Debug|Any CPU
		{948B5FAF-CE1E-47E2-B37E-6F9340128C2E}.Debug|Any CPU.Build.0 = Debug|Any CPU
		{948B5FAF-CE1E-47E2-B37E-6F9340128C2E}.Release|Any CPU.ActiveCfg = Release|Any CPU
		{948B5FAF-CE1E-47E2-B37E-6F9340128C2E}.Release|Any CPU.Build.0 = Release|Any CPU
	EndGlobalSection
	GlobalSection(SolutionProperties) = preSolution
		HideSolutionNode = FALSE
	EndGlobalSection
	GlobalSection(ExtensibilityGlobals) = postSolution
		SolutionGuid = {FEE41AA2-E63E-4632-9C5B-93685E3ACE30}
	EndGlobalSection
EndGlobal
