
Microsoft Visual Studio Solution File, Format Version 12.00
# Visual Studio Version 17
VisualStudioVersion = 17.5.33530.505
MinimumVisualStudioVersion = 10.0.40219.1
Project("{FAE04EC0-301F-11D3-BF4B-00C04F79EFBC}") = "ConditionalValuesCalculator", "ConditionalValuesCalculator.csproj", "{F80ED9B3-5366-49E6-A75B-059E7AB7ED02}"
EndProject
Global
	GlobalSection(SolutionConfigurationPlatforms) = preSolution
		Debug|Any CPU = Debug|Any CPU
		Release|Any CPU = Release|Any CPU
	EndGlobalSection
	GlobalSection(ProjectConfigurationPlatforms) = postSolution
		{F80ED9B3-5366-49E6-A75B-059E7AB7ED02}.Debug|Any CPU.ActiveCfg = Debug|Any CPU
		{F80ED9B3-5366-49E6-A75B-059E7AB7ED02}.Debug|Any CPU.Build.0 = Debug|Any CPU
		{F80ED9B3-5366-49E6-A75B-059E7AB7ED02}.Release|Any CPU.ActiveCfg = Release|Any CPU
		{F80ED9B3-5366-49E6-A75B-059E7AB7ED02}.Release|Any CPU.Build.0 = Release|Any CPU
	EndGlobalSection
	GlobalSection(SolutionProperties) = preSolution
		HideSolutionNode = FALSE
	EndGlobalSection
	GlobalSection(ExtensibilityGlobals) = postSolution
		SolutionGuid = {1CA658C1-C928-4A96-BCD3-A446808C672E}
	EndGlobalSection
EndGlobal
