
Microsoft Visual Studio Solution File, Format Version 12.00
# Visual Studio Version 17
VisualStudioVersion = 17.5.33530.505
MinimumVisualStudioVersion = 10.0.40219.1
Project("{FAE04EC0-301F-11D3-BF4B-00C04F79EFBC}") = "ApproximateSeriesSumCalculator", "ApproximateSeriesSumCalculator.csproj", "{7F1B116F-00F5-4630-8F15-FE2B156342B3}"
EndProject
Global
	GlobalSection(SolutionConfigurationPlatforms) = preSolution
		Debug|Any CPU = Debug|Any CPU
		Release|Any CPU = Release|Any CPU
	EndGlobalSection
	GlobalSection(ProjectConfigurationPlatforms) = postSolution
		{7F1B116F-00F5-4630-8F15-FE2B156342B3}.Debug|Any CPU.ActiveCfg = Debug|Any CPU
		{7F1B116F-00F5-4630-8F15-FE2B156342B3}.Debug|Any CPU.Build.0 = Debug|Any CPU
		{7F1B116F-00F5-4630-8F15-FE2B156342B3}.Release|Any CPU.ActiveCfg = Release|Any CPU
		{7F1B116F-00F5-4630-8F15-FE2B156342B3}.Release|Any CPU.Build.0 = Release|Any CPU
	EndGlobalSection
	GlobalSection(SolutionProperties) = preSolution
		HideSolutionNode = FALSE
	EndGlobalSection
	GlobalSection(ExtensibilityGlobals) = postSolution
		SolutionGuid = {6B3454FE-6845-424F-8756-997A6CDE12E4}
	EndGlobalSection
EndGlobal
