
Microsoft Visual Studio Solution File, Format Version 12.00
# Visual Studio Version 17
VisualStudioVersion = 17.5.33530.505
MinimumVisualStudioVersion = 10.0.40219.1
Project("{FAE04EC0-301F-11D3-BF4B-00C04F79EFBC}") = "MatrixOperations", "MatrixOperations.csproj", "{6E794609-8890-462D-AB3C-305DB55A41A0}"
EndProject
Global
	GlobalSection(SolutionConfigurationPlatforms) = preSolution
		Debug|Any CPU = Debug|Any CPU
		Release|Any CPU = Release|Any CPU
	EndGlobalSection
	GlobalSection(ProjectConfigurationPlatforms) = postSolution
		{6E794609-8890-462D-AB3C-305DB55A41A0}.Debug|Any CPU.ActiveCfg = Debug|Any CPU
		{6E794609-8890-462D-AB3C-305DB55A41A0}.Debug|Any CPU.Build.0 = Debug|Any CPU
		{6E794609-8890-462D-AB3C-305DB55A41A0}.Release|Any CPU.ActiveCfg = Release|Any CPU
		{6E794609-8890-462D-AB3C-305DB55A41A0}.Release|Any CPU.Build.0 = Release|Any CPU
	EndGlobalSection
	GlobalSection(SolutionProperties) = preSolution
		HideSolutionNode = FALSE
	EndGlobalSection
	GlobalSection(ExtensibilityGlobals) = postSolution
		SolutionGuid = {3B4E9E24-C676-40D7-B951-E63E1E39DCA7}
	EndGlobalSection
EndGlobal
