
Microsoft Visual Studio Solution File, Format Version 12.00
# Visual Studio Version 17
VisualStudioVersion = 17.5.33530.505
MinimumVisualStudioVersion = 10.0.40219.1
Project("{FAE04EC0-301F-11D3-BF4B-00C04F79EFBC}") = "PilotAlphabetMatcher", "PilotAlphabetMatcher.csproj", "{A0C8CF90-3C5E-41D3-AD88-DF60186BDCCD}"
EndProject
Global
	GlobalSection(SolutionConfigurationPlatforms) = preSolution
		Debug|Any CPU = Debug|Any CPU
		Release|Any CPU = Release|Any CPU
	EndGlobalSection
	GlobalSection(ProjectConfigurationPlatforms) = postSolution
		{A0C8CF90-3C5E-41D3-AD88-DF60186BDCCD}.Debug|Any CPU.ActiveCfg = Debug|Any CPU
		{A0C8CF90-3C5E-41D3-AD88-DF60186BDCCD}.Debug|Any CPU.Build.0 = Debug|Any CPU
		{A0C8CF90-3C5E-41D3-AD88-DF60186BDCCD}.Release|Any CPU.ActiveCfg = Release|Any CPU
		{A0C8CF90-3C5E-41D3-AD88-DF60186BDCCD}.Release|Any CPU.Build.0 = Release|Any CPU
	EndGlobalSection
	GlobalSection(SolutionProperties) = preSolution
		HideSolutionNode = FALSE
	EndGlobalSection
	GlobalSection(ExtensibilityGlobals) = postSolution
		SolutionGuid = {810FF831-ABB8-4DDD-87B1-DE329D784A00}
	EndGlobalSection
EndGlobal
