
Microsoft Visual Studio Solution File, Format Version 12.00
# Visual Studio Version 17
VisualStudioVersion = 17.5.33530.505
MinimumVisualStudioVersion = 10.0.40219.1
Project("{FAE04EC0-301F-11D3-BF4B-00C04F79EFBC}") = "DijkstraShortestPathAlgorithm", "DijkstraShortestPathAlgorithm.csproj", "{9703D905-44C8-48D8-8776-A80EE4E77874}"
EndProject
Global
	GlobalSection(SolutionConfigurationPlatforms) = preSolution
		Debug|Any CPU = Debug|Any CPU
		Release|Any CPU = Release|Any CPU
	EndGlobalSection
	GlobalSection(ProjectConfigurationPlatforms) = postSolution
		{9703D905-44C8-48D8-8776-A80EE4E77874}.Debug|Any CPU.ActiveCfg = Debug|Any CPU
		{9703D905-44C8-48D8-8776-A80EE4E77874}.Debug|Any CPU.Build.0 = Debug|Any CPU
		{9703D905-44C8-48D8-8776-A80EE4E77874}.Release|Any CPU.ActiveCfg = Release|Any CPU
		{9703D905-44C8-48D8-8776-A80EE4E77874}.Release|Any CPU.Build.0 = Release|Any CPU
	EndGlobalSection
	GlobalSection(SolutionProperties) = preSolution
		HideSolutionNode = FALSE
	EndGlobalSection
	GlobalSection(ExtensibilityGlobals) = postSolution
		SolutionGuid = {F7A383FB-B16B-4279-B3C7-A839CB0C37FA}
	EndGlobalSection
EndGlobal
