
Microsoft Visual Studio Solution File, Format Version 12.00
# Visual Studio Version 17
VisualStudioVersion = 17.5.33530.505
MinimumVisualStudioVersion = 10.0.40219.1
Project("{9A19103F-16F7-4668-BE54-9A1E7A4F7556}") = "EmployeeDB", "EmployeeDB.csproj", "{B486CF96-14B0-481F-9A0E-A4B6C747C046}"
EndProject
Global
	GlobalSection(SolutionConfigurationPlatforms) = preSolution
		Debug|Any CPU = Debug|Any CPU
		Release|Any CPU = Release|Any CPU
	EndGlobalSection
	GlobalSection(ProjectConfigurationPlatforms) = postSolution
		{B486CF96-14B0-481F-9A0E-A4B6C747C046}.Debug|Any CPU.ActiveCfg = Debug|Any CPU
		{B486CF96-14B0-481F-9A0E-A4B6C747C046}.Debug|Any CPU.Build.0 = Debug|Any CPU
		{B486CF96-14B0-481F-9A0E-A4B6C747C046}.Release|Any CPU.ActiveCfg = Release|Any CPU
		{B486CF96-14B0-481F-9A0E-A4B6C747C046}.Release|Any CPU.Build.0 = Release|Any CPU
	EndGlobalSection
	GlobalSection(SolutionProperties) = preSolution
		HideSolutionNode = FALSE
	EndGlobalSection
	GlobalSection(ExtensibilityGlobals) = postSolution
		SolutionGuid = {F348BF86-BBDD-4035-A284-F6EF492CD460}
	EndGlobalSection
EndGlobal
