
Microsoft Visual Studio Solution File, Format Version 12.00
# Visual Studio Version 17
VisualStudioVersion = 17.5.33530.505
MinimumVisualStudioVersion = 10.0.40219.1
Project("{FAE04EC0-301F-11D3-BF4B-00C04F79EFBC}") = "GreedyTravelingSalesmanSolver", "GreedyTravelingSalesmanSolver.csproj", "{12AEB97F-0607-4522-A2F9-253BBE184666}"
EndProject
Global
	GlobalSection(SolutionConfigurationPlatforms) = preSolution
		Debug|Any CPU = Debug|Any CPU
		Release|Any CPU = Release|Any CPU
	EndGlobalSection
	GlobalSection(ProjectConfigurationPlatforms) = postSolution
		{12AEB97F-0607-4522-A2F9-253BBE184666}.Debug|Any CPU.ActiveCfg = Debug|Any CPU
		{12AEB97F-0607-4522-A2F9-253BBE184666}.Debug|Any CPU.Build.0 = Debug|Any CPU
		{12AEB97F-0607-4522-A2F9-253BBE184666}.Release|Any CPU.ActiveCfg = Release|Any CPU
		{12AEB97F-0607-4522-A2F9-253BBE184666}.Release|Any CPU.Build.0 = Release|Any CPU
	EndGlobalSection
	GlobalSection(SolutionProperties) = preSolution
		HideSolutionNode = FALSE
	EndGlobalSection
	GlobalSection(ExtensibilityGlobals) = postSolution
		SolutionGuid = {4DB8D639-4209-4C12-BF6A-563C8042D4D1}
	EndGlobalSection
EndGlobal
