
Microsoft Visual Studio Solution File, Format Version 12.00
# Visual Studio Version 17
VisualStudioVersion = 17.5.33530.505
MinimumVisualStudioVersion = 10.0.40219.1
Project("{FAE04EC0-301F-11D3-BF4B-00C04F79EFBC}") = "QuadraticEquationSolver", "QuadraticEquationSolver.csproj", "{5BA8CB31-305A-4773-934B-4DAB9FBA32BA}"
EndProject
Global
	GlobalSection(SolutionConfigurationPlatforms) = preSolution
		Debug|Any CPU = Debug|Any CPU
		Release|Any CPU = Release|Any CPU
	EndGlobalSection
	GlobalSection(ProjectConfigurationPlatforms) = postSolution
		{5BA8CB31-305A-4773-934B-4DAB9FBA32BA}.Debug|Any CPU.ActiveCfg = Debug|Any CPU
		{5BA8CB31-305A-4773-934B-4DAB9FBA32BA}.Debug|Any CPU.Build.0 = Debug|Any CPU
		{5BA8CB31-305A-4773-934B-4DAB9FBA32BA}.Release|Any CPU.ActiveCfg = Release|Any CPU
		{5BA8CB31-305A-4773-934B-4DAB9FBA32BA}.Release|Any CPU.Build.0 = Release|Any CPU
	EndGlobalSection
	GlobalSection(SolutionProperties) = preSolution
		HideSolutionNode = FALSE
	EndGlobalSection
	GlobalSection(ExtensibilityGlobals) = postSolution
		SolutionGuid = {439A5A67-28D2-45A5-BE53-5D1674E1CE5A}
	EndGlobalSection
EndGlobal
