
Microsoft Visual Studio Solution File, Format Version 12.00
# Visual Studio Version 17
VisualStudioVersion = 17.5.33530.505
MinimumVisualStudioVersion = 10.0.40219.1
Project("{FAE04EC0-301F-11D3-BF4B-00C04F79EFBC}") = "PrimeKeyCryptography", "PrimeKeyCryptography.csproj", "{FE5F1957-4D2F-48BF-B04C-092FE6F4D9B6}"
EndProject
Global
	GlobalSection(SolutionConfigurationPlatforms) = preSolution
		Debug|Any CPU = Debug|Any CPU
		Release|Any CPU = Release|Any CPU
	EndGlobalSection
	GlobalSection(ProjectConfigurationPlatforms) = postSolution
		{FE5F1957-4D2F-48BF-B04C-092FE6F4D9B6}.Debug|Any CPU.ActiveCfg = Debug|Any CPU
		{FE5F1957-4D2F-48BF-B04C-092FE6F4D9B6}.Debug|Any CPU.Build.0 = Debug|Any CPU
		{FE5F1957-4D2F-48BF-B04C-092FE6F4D9B6}.Release|Any CPU.ActiveCfg = Release|Any CPU
		{FE5F1957-4D2F-48BF-B04C-092FE6F4D9B6}.Release|Any CPU.Build.0 = Release|Any CPU
	EndGlobalSection
	GlobalSection(SolutionProperties) = preSolution
		HideSolutionNode = FALSE
	EndGlobalSection
	GlobalSection(ExtensibilityGlobals) = postSolution
		SolutionGuid = {F0284E59-94B0-445C-B123-0BC3043C2416}
	EndGlobalSection
EndGlobal
