
Microsoft Visual Studio Solution File, Format Version 12.00
# Visual Studio Version 17
VisualStudioVersion = 17.5.33530.505
MinimumVisualStudioVersion = 10.0.40219.1
Project("{FAE04EC0-301F-11D3-BF4B-00C04F79EFBC}") = "TrigonometricExponentials", "TrigonometricExponentials.csproj", "{644B5A4D-4727-4FDC-B3E6-B09BE1162D7D}"
EndProject
Global
	GlobalSection(SolutionConfigurationPlatforms) = preSolution
		Debug|Any CPU = Debug|Any CPU
		Release|Any CPU = Release|Any CPU
	EndGlobalSection
	GlobalSection(ProjectConfigurationPlatforms) = postSolution
		{644B5A4D-4727-4FDC-B3E6-B09BE1162D7D}.Debug|Any CPU.ActiveCfg = Debug|Any CPU
		{644B5A4D-4727-4FDC-B3E6-B09BE1162D7D}.Debug|Any CPU.Build.0 = Debug|Any CPU
		{644B5A4D-4727-4FDC-B3E6-B09BE1162D7D}.Release|Any CPU.ActiveCfg = Release|Any CPU
		{644B5A4D-4727-4FDC-B3E6-B09BE1162D7D}.Release|Any CPU.Build.0 = Release|Any CPU
	EndGlobalSection
	GlobalSection(SolutionProperties) = preSolution
		HideSolutionNode = FALSE
	EndGlobalSection
	GlobalSection(ExtensibilityGlobals) = postSolution
		SolutionGuid = {3D546498-15D4-4A40-BD85-F80A613957DA}
	EndGlobalSection
EndGlobal
