
Microsoft Visual Studio Solution File, Format Version 12.00
# Visual Studio Version 17
VisualStudioVersion = 17.5.33530.505
MinimumVisualStudioVersion = 10.0.40219.1
Project("{FAE04EC0-301F-11D3-BF4B-00C04F79EFBC}") = "TrigonometricPowerCalculations", "TrigonometricPowerCalculations.csproj", "{70E7DD36-576E-4D9B-8686-80B2FF4A3C13}"
EndProject
Global
	GlobalSection(SolutionConfigurationPlatforms) = preSolution
		Debug|Any CPU = Debug|Any CPU
		Release|Any CPU = Release|Any CPU
	EndGlobalSection
	GlobalSection(ProjectConfigurationPlatforms) = postSolution
		{70E7DD36-576E-4D9B-8686-80B2FF4A3C13}.Debug|Any CPU.ActiveCfg = Debug|Any CPU
		{70E7DD36-576E-4D9B-8686-80B2FF4A3C13}.Debug|Any CPU.Build.0 = Debug|Any CPU
		{70E7DD36-576E-4D9B-8686-80B2FF4A3C13}.Release|Any CPU.ActiveCfg = Release|Any CPU
		{70E7DD36-576E-4D9B-8686-80B2FF4A3C13}.Release|Any CPU.Build.0 = Release|Any CPU
	EndGlobalSection
	GlobalSection(SolutionProperties) = preSolution
		HideSolutionNode = FALSE
	EndGlobalSection
	GlobalSection(ExtensibilityGlobals) = postSolution
		SolutionGuid = {B1C7005C-EB6F-4EA2-B743-174700182E53}
	EndGlobalSection
EndGlobal
