
Microsoft Visual Studio Solution File, Format Version 12.00
# Visual Studio Version 17
VisualStudioVersion = 17.5.33530.505
MinimumVisualStudioVersion = 10.0.40219.1
Project("{FAE04EC0-301F-11D3-BF4B-00C04F79EFBC}") = "Doubly Linked List Program", "Doubly Linked List Program.csproj", "{37182E14-CC28-4BD3-9A3B-5D693CB487D8}"
EndProject
Global
	GlobalSection(SolutionConfigurationPlatforms) = preSolution
		Debug|Any CPU = Debug|Any CPU
		Release|Any CPU = Release|Any CPU
	EndGlobalSection
	GlobalSection(ProjectConfigurationPlatforms) = postSolution
		{37182E14-CC28-4BD3-9A3B-5D693CB487D8}.Debug|Any CPU.ActiveCfg = Debug|Any CPU
		{37182E14-CC28-4BD3-9A3B-5D693CB487D8}.Debug|Any CPU.Build.0 = Debug|Any CPU
		{37182E14-CC28-4BD3-9A3B-5D693CB487D8}.Release|Any CPU.ActiveCfg = Release|Any CPU
		{37182E14-CC28-4BD3-9A3B-5D693CB487D8}.Release|Any CPU.Build.0 = Release|Any CPU
	EndGlobalSection
	GlobalSection(SolutionProperties) = preSolution
		HideSolutionNode = FALSE
	EndGlobalSection
	GlobalSection(ExtensibilityGlobals) = postSolution
		SolutionGuid = {8070C34F-EED1-41BF-A4A1-0D53D752CD7A}
	EndGlobalSection
EndGlobal
