
Microsoft Visual Studio Solution File, Format Version 12.00
# Visual Studio Version 17
VisualStudioVersion = 17.5.33530.505
MinimumVisualStudioVersion = 10.0.40219.1
Project("{FAE04EC0-301F-11D3-BF4B-00C04F79EFBC}") = "MultilingualMessagingSystemWithTranslationAndStrategyPattern", "MultilingualMessagingSystemWithTranslationAndStrategyPattern.csproj", "{17E7B0A2-D7E3-49A0-91D2-5A6DD022BE4E}"
EndProject
Global
	GlobalSection(SolutionConfigurationPlatforms) = preSolution
		Debug|Any CPU = Debug|Any CPU
		Release|Any CPU = Release|Any CPU
	EndGlobalSection
	GlobalSection(ProjectConfigurationPlatforms) = postSolution
		{17E7B0A2-D7E3-49A0-91D2-5A6DD022BE4E}.Debug|Any CPU.ActiveCfg = Debug|Any CPU
		{17E7B0A2-D7E3-49A0-91D2-5A6DD022BE4E}.Debug|Any CPU.Build.0 = Debug|Any CPU
		{17E7B0A2-D7E3-49A0-91D2-5A6DD022BE4E}.Release|Any CPU.ActiveCfg = Release|Any CPU
		{17E7B0A2-D7E3-49A0-91D2-5A6DD022BE4E}.Release|Any CPU.Build.0 = Release|Any CPU
	EndGlobalSection
	GlobalSection(SolutionProperties) = preSolution
		HideSolutionNode = FALSE
	EndGlobalSection
	GlobalSection(ExtensibilityGlobals) = postSolution
		SolutionGuid = {209B0E22-1A7D-4FF3-893B-07B136C29E84}
	EndGlobalSection
EndGlobal
