
Microsoft Visual Studio Solution File, Format Version 12.00
# Visual Studio Version 17
VisualStudioVersion = 17.5.33530.505
MinimumVisualStudioVersion = 10.0.40219.1
Project("{FAE04EC0-301F-11D3-BF4B-00C04F79EFBC}") = "CalculationProgram", "CalculationProgram.csproj", "{7B2C5A65-5BAC-4DF2-B148-E91D4B7A4975}"
EndProject
Global
	GlobalSection(SolutionConfigurationPlatforms) = preSolution
		Debug|Any CPU = Debug|Any CPU
		Release|Any CPU = Release|Any CPU
	EndGlobalSection
	GlobalSection(ProjectConfigurationPlatforms) = postSolution
		{7B2C5A65-5BAC-4DF2-B148-E91D4B7A4975}.Debug|Any CPU.ActiveCfg = Debug|Any CPU
		{7B2C5A65-5BAC-4DF2-B148-E91D4B7A4975}.Debug|Any CPU.Build.0 = Debug|Any CPU
		{7B2C5A65-5BAC-4DF2-B148-E91D4B7A4975}.Release|Any CPU.ActiveCfg = Release|Any CPU
		{7B2C5A65-5BAC-4DF2-B148-E91D4B7A4975}.Release|Any CPU.Build.0 = Release|Any CPU
	EndGlobalSection
	GlobalSection(SolutionProperties) = preSolution
		HideSolutionNode = FALSE
	EndGlobalSection
	GlobalSection(ExtensibilityGlobals) = postSolution
		SolutionGuid = {091B253A-FD3B-4367-9848-22EB300F2AE7}
	EndGlobalSection
EndGlobal
